lockfileVersion: '9.0'

settings:
  autoInstallPeers: true
  excludeLinksFromLockfile: false

catalogs:
  default:
    '@tsconfig/node22':
      specifier: ^22.0.2
      version: 22.0.5
    '@types/node':
      specifier: ^25.3.2
      version: 25.3.2
    commander:
      specifier: ^14.0.3
      version: 14.0.3
    typescript:
      specifier: ^5.9.3
      version: 5.9.3

importers:

  .:
    devDependencies:
      '@tsconfig/node22':
        specifier: 'catalog:'
        version: 22.0.5
      typescript:
        specifier: 'catalog:'
        version: 5.9.3

  packages/cli:
    dependencies:
      commander:
        specifier: 'catalog:'
        version: 14.0.3
    devDependencies:
      '@types/node':
        specifier: 'catalog:'
        version: 25.3.2
      typescript:
        specifier: 'catalog:'
        version: 5.9.3

packages:

  '@tsconfig/node22@22.0.5':
    resolution: {integrity: sha512-hLf2ld+sYN/BtOJjHUWOk568dvjFQkHnLNa6zce25GIH+vxKfvTgm3qpaH6ToF5tu/NN0IH66s+Bb5wElHrLcw==}

  '@types/node@25.3.2':
    resolution: {integrity: sha512-RpV6r/ij22zRRdyBPcxDeKAzH43phWVKEjL2iksqo1Vz3CuBUrgmPpPhALKiRfU7OMCmeeO9vECBMsV0hMTG8Q==}

  commander@14.0.3:
    resolution: {integrity: sha512-H+y0Jo/T1RZ9qPP4Eh1pkcQcLRglraJaSLoyOtHxu6AapkjWVCy2Sit1QQ4x3Dng8qDlSsZEet7g5Pq06MvTgw==}
    engines: {node: '>=20'}

  typescript@5.9.3:
    resolution: {integrity: sha512-jl1vZzPDinLr9eUt3J/t7V6FgNEw9QjvBPdysz9KfQDD41fQrC2Y4vKQdiaUpFT4bXlb1RHhLpp8wtm6M5TgSw==}
    engines: {node: '>=14.17'}
    hasBin: true

  undici-types@7.18.2:
    resolution: {integrity: sha512-AsuCzffGHJybSaRrmr5eHr81mwJU3kjw6M+uprWvCXiNeN9SOGwQ3Jn8jb8m3Z6izVgknn1R0FTCEAP2QrLY/w==}

snapshots:

  '@tsconfig/node22@22.0.5': {}

  '@types/node@25.3.2':
    dependencies:
      undici-types: 7.18.2

  commander@14.0.3: {}

  typescript@5.9.3: {}

  undici-types@7.18.2: {}
